# THIS IS AN AUTOGENERATED FILE. DO NOT EDIT THIS FILE DIRECTLY.
# yarn lockfile v1


"@apollo/protobufjs@^1.0.3":
  version "1.0.4"
  resolved "https://registry.yarnpkg.com/@apollo/protobufjs/-/protobufjs-1.0.4.tgz#cf01747a55359066341f31b5ce8db17df44244e0"
  dependencies:
    "@protobufjs/aspromise" "^1.1.2"
    "@protobufjs/base64" "^1.1.2"
    "@protobufjs/codegen" "^2.0.4"
    "@protobufjs/eventemitter" "^1.1.0"
    "@protobufjs/fetch" "^1.1.0"
    "@protobufjs/float" "^1.0.2"
    "@protobufjs/inquire" "^1.1.0"
    "@protobufjs/path" "^1.1.2"
    "@protobufjs/pool" "^1.1.0"
    "@protobufjs/utf8" "^1.1.0"
    "@types/long" "^4.0.0"
    "@types/node" "^10.1.0"
    long "^4.0.0"

"@apollographql/apollo-tools@^0.4.3":
  version "0.4.8"
  resolved "https://registry.yarnpkg.com/@apollographql/apollo-tools/-/apollo-tools-0.4.8.tgz#d81da89ee880c2345eb86bddb92b35291f6135ed"
  dependencies:
    apollo-env "^0.6.5"

"@apollographql/graphql-playground-html@1.6.24":
  version "1.6.24"
  resolved "https://registry.yarnpkg.com/@apollographql/graphql-playground-html/-/graphql-playground-html-1.6.24.tgz#3ce939cb127fb8aaa3ffc1e90dff9b8af9f2e3dc"

"@protobufjs/aspromise@^1.1.1", "@protobufjs/aspromise@^1.1.2":
  version "1.1.2"
  resolved "https://registry.yarnpkg.com/@protobufjs/aspromise/-/aspromise-1.1.2.tgz#9b8b0cc663d669a7d8f6f5d0893a14d348f30fbf"

"@protobufjs/base64@^1.1.2":
  version "1.1.2"
  resolved "https://registry.yarnpkg.com/@protobufjs/base64/-/base64-1.1.2.tgz#4c85730e59b9a1f1f349047dbf24296034bb2735"

"@protobufjs/codegen@^2.0.4":
  version "2.0.4"
  resolved "https://registry.yarnpkg.com/@protobufjs/codegen/-/codegen-2.0.4.tgz#7ef37f0d010fb028ad1ad59722e506d9262815cb"

"@protobufjs/eventemitter@^1.1.0":
  version "1.1.0"
  resolved "https://registry.yarnpkg.com/@protobufjs/eventemitter/-/eventemitter-1.1.0.tgz#355cbc98bafad5978f9ed095f397621f1d066b70"

"@protobufjs/fetch@^1.1.0":
  version "1.1.0"
  resolved "https://registry.yarnpkg.com/@protobufjs/fetch/-/fetch-1.1.0.tgz#ba99fb598614af65700c1619ff06d454b0d84c45"
  dependencies:
    "@protobufjs/aspromise" "^1.1.1"
    "@protobufjs/inquire" "^1.1.0"

"@protobufjs/float@^1.0.2":
  version "1.0.2"
  resolved "https://registry.yarnpkg.com/@protobufjs/float/-/float-1.0.2.tgz#5e9e1abdcb73fc0a7cb8b291df78c8cbd97b87d1"

"@protobufjs/inquire@^1.1.0":
  version "1.1.0"
  resolved "https://registry.yarnpkg.com/@protobufjs/inquire/-/inquire-1.1.0.tgz#ff200e3e7cf2429e2dcafc1140828e8cc638f089"

"@protobufjs/path@^1.1.2":
  version "1.1.2"
  resolved "https://registry.yarnpkg.com/@protobufjs/path/-/path-1.1.2.tgz#6cc2b20c5c9ad6ad0dccfd21ca7673d8d7fbf68d"

"@protobufjs/pool@^1.1.0":
  version "1.1.0"
  resolved "https://registry.yarnpkg.com/@protobufjs/pool/-/pool-1.1.0.tgz#09fd15f2d6d3abfa9b65bc366506d6ad7846ff54"

"@protobufjs/utf8@^1.1.0":
  version "1.1.0"
  resolved "https://registry.yarnpkg.com/@protobufjs/utf8/-/utf8-1.1.0.tgz#a777360b5b39a1a2e5106f8e858f2fd2d060c570"

"@types/accepts@*":
  version "1.3.5"
  resolved "https://registry.yarnpkg.com/@types/accepts/-/accepts-1.3.5.tgz#c34bec115cfc746e04fe5a059df4ce7e7b391575"
  dependencies:
    "@types/node" "*"

"@types/aws-lambda@^8.10.31":
  version "8.10.53"
  resolved "https://registry.yarnpkg.com/@types/aws-lambda/-/aws-lambda-8.10.53.tgz#ad8d52a5f264f96b80a0d8c2e5cda1de30f2364b"

"@types/body-parser@*":
  version "1.19.0"
  resolved "https://registry.yarnpkg.com/@types/body-parser/-/body-parser-1.19.0.tgz#0685b3c47eb3006ffed117cdd55164b61f80538f"
  dependencies:
    "@types/connect" "*"
    "@types/node" "*"

"@types/connect@*":
  version "3.4.33"
  resolved "https://registry.yarnpkg.com/@types/connect/-/connect-3.4.33.tgz#31610c901eca573b8713c3330abc6e6b9f588546"
  dependencies:
    "@types/node" "*"

"@types/content-disposition@*":
  version "0.5.3"
  resolved "https://registry.yarnpkg.com/@types/content-disposition/-/content-disposition-0.5.3.tgz#0aa116701955c2faa0717fc69cd1596095e49d96"

"@types/cookies@*":
  version "0.7.4"
  resolved "https://registry.yarnpkg.com/@types/cookies/-/cookies-0.7.4.tgz#26dedf791701abc0e36b5b79a5722f40e455f87b"
  dependencies:
    "@types/connect" "*"
    "@types/express" "*"
    "@types/keygrip" "*"
    "@types/node" "*"

"@types/express-serve-static-core@*":
  version "4.17.7"
  resolved "https://registry.yarnpkg.com/@types/express-serve-static-core/-/express-serve-static-core-4.17.7.tgz#dfe61f870eb549dc6d7e12050901847c7d7e915b"
  dependencies:
    "@types/node" "*"
    "@types/qs" "*"
    "@types/range-parser" "*"

"@types/express@*":
  version "4.17.6"
  resolved "https://registry.yarnpkg.com/@types/express/-/express-4.17.6.tgz#6bce49e49570507b86ea1b07b806f04697fac45e"
  dependencies:
    "@types/body-parser" "*"
    "@types/express-serve-static-core" "*"
    "@types/qs" "*"
    "@types/serve-static" "*"

"@types/fs-capacitor@*":
  version "2.0.0"
  resolved "https://registry.yarnpkg.com/@types/fs-capacitor/-/fs-capacitor-2.0.0.tgz#17113e25817f584f58100fb7a08eed288b81956e"
  dependencies:
    "@types/node" "*"

"@types/graphql-upload@^8.0.0":
  version "8.0.3"
  resolved "https://registry.yarnpkg.com/@types/graphql-upload/-/graphql-upload-8.0.3.tgz#b371edb5f305a2a1f7b7843a890a2a7adc55c3ec"
  dependencies:
    "@types/express" "*"
    "@types/fs-capacitor" "*"
    "@types/koa" "*"
    graphql "^14.5.3"

"@types/http-assert@*":
  version "1.5.1"
  resolved "https://registry.yarnpkg.com/@types/http-assert/-/http-assert-1.5.1.tgz#d775e93630c2469c2f980fc27e3143240335db3b"

"@types/keygrip@*":
  version "1.0.2"
  resolved "https://registry.yarnpkg.com/@types/keygrip/-/keygrip-1.0.2.tgz#513abfd256d7ad0bf1ee1873606317b33b1b2a72"

"@types/koa-compose@*":
  version "3.2.5"
  resolved "https://registry.yarnpkg.com/@types/koa-compose/-/koa-compose-3.2.5.tgz#85eb2e80ac50be95f37ccf8c407c09bbe3468e9d"
  dependencies:
    "@types/koa" "*"

"@types/koa@*":
  version "2.11.3"
  resolved "https://registry.yarnpkg.com/@types/koa/-/koa-2.11.3.tgz#540ece376581b12beadf9a417dd1731bc31c16ce"
  dependencies:
    "@types/accepts" "*"
    "@types/content-disposition" "*"
    "@types/cookies" "*"
    "@types/http-assert" "*"
    "@types/keygrip" "*"
    "@types/koa-compose" "*"
    "@types/node" "*"

"@types/long@^4.0.0":
  version "4.0.0"
  resolved "https://registry.yarnpkg.com/@types/long/-/long-4.0.0.tgz#719551d2352d301ac8b81db732acb6bdc28dbdef"

"@types/mime@*":
  version "2.0.2"
  resolved "https://registry.yarnpkg.com/@types/mime/-/mime-2.0.2.tgz#857a118d8634c84bba7ae14088e4508490cd5da5"

"@types/node-fetch@2.5.7":
  version "2.5.7"
  resolved "https://registry.yarnpkg.com/@types/node-fetch/-/node-fetch-2.5.7.tgz#20a2afffa882ab04d44ca786449a276f9f6bbf3c"
  dependencies:
    "@types/node" "*"
    form-data "^3.0.0"

"@types/node@*":
  version "12.6.2"
  resolved "https://registry.yarnpkg.com/@types/node/-/node-12.6.2.tgz#a5ccec6abb6060d5f20d256fb03ed743e9774999"

"@types/node@^10.1.0":
  version "10.14.12"
  resolved "https://registry.yarnpkg.com/@types/node/-/node-10.14.12.tgz#0eec3155a46e6c4db1f27c3e588a205f767d622f"

"@types/qs@*":
  version "6.9.3"
  resolved "https://registry.yarnpkg.com/@types/qs/-/qs-6.9.3.tgz#b755a0934564a200d3efdf88546ec93c369abd03"

"@types/range-parser@*":
  version "1.2.3"
  resolved "https://registry.yarnpkg.com/@types/range-parser/-/range-parser-1.2.3.tgz#7ee330ba7caafb98090bece86a5ee44115904c2c"

"@types/serve-static@*":
  version "1.13.4"
  resolved "https://registry.yarnpkg.com/@types/serve-static/-/serve-static-1.13.4.tgz#6662a93583e5a6cabca1b23592eb91e12fa80e7c"
  dependencies:
    "@types/express-serve-static-core" "*"
    "@types/mime" "*"

"@types/ws@^7.0.0":
  version "7.2.5"
  resolved "https://registry.yarnpkg.com/@types/ws/-/ws-7.2.5.tgz#513f28b04a1ea1aa9dc2cad3f26e8e37c88aae49"
  dependencies:
    "@types/node" "*"

"@wry/equality@^0.1.2":
  version "0.1.9"
  resolved "https://registry.yarnpkg.com/@wry/equality/-/equality-0.1.9.tgz#b13e18b7a8053c6858aa6c85b54911fb31e3a909"
  dependencies:
    tslib "^1.9.3"

apollo-cache-control@^0.11.0:
  version "0.11.0"
  resolved "https://registry.yarnpkg.com/apollo-cache-control/-/apollo-cache-control-0.11.0.tgz#7075492d04c5424e7c6769380b503e8f75b39d61"
  dependencies:
    apollo-server-env "^2.4.4"
    apollo-server-plugin-base "^0.9.0"

apollo-datasource@^0.7.1:
  version "0.7.1"
  resolved "https://registry.yarnpkg.com/apollo-datasource/-/apollo-datasource-0.7.1.tgz#0b06da999ace50b7f5fe509f2a03f7de97974334"
  dependencies:
    apollo-server-caching "^0.5.1"
    apollo-server-env "^2.4.4"

apollo-engine-reporting-protobuf@^0.5.1:
  version "0.5.1"
  resolved "https://registry.yarnpkg.com/apollo-engine-reporting-protobuf/-/apollo-engine-reporting-protobuf-0.5.1.tgz#b6e66e6e382f9bcdc2ac8ed168b047eb1470c1a8"
  dependencies:
    "@apollo/protobufjs" "^1.0.3"

apollo-engine-reporting@^2.0.0:
  version "2.0.0"
  resolved "https://registry.yarnpkg.com/apollo-engine-reporting/-/apollo-engine-reporting-2.0.0.tgz#af007b4a8a481fa97baef0eac51a7824f1ec3310"
  dependencies:
    apollo-engine-reporting-protobuf "^0.5.1"
    apollo-graphql "^0.4.0"
    apollo-server-caching "^0.5.1"
    apollo-server-env "^2.4.4"
    apollo-server-errors "^2.4.1"
    apollo-server-plugin-base "^0.9.0"
    apollo-server-types "^0.5.0"
    async-retry "^1.2.1"
    uuid "^8.0.0"

apollo-env@^0.6.5:
  version "0.6.5"
  resolved "https://registry.yarnpkg.com/apollo-env/-/apollo-env-0.6.5.tgz#5a36e699d39e2356381f7203493187260fded9f3"
  dependencies:
    "@types/node-fetch" "2.5.7"
    core-js "^3.0.1"
    node-fetch "^2.2.0"
    sha.js "^2.4.11"

apollo-graphql@^0.4.0:
  version "0.4.4"
  resolved "https://registry.yarnpkg.com/apollo-graphql/-/apollo-graphql-0.4.4.tgz#25f456b28a4419bb6a42071f8a56e19e15bb80be"
  dependencies:
    apollo-env "^0.6.5"
    lodash.sortby "^4.7.0"

apollo-link-context@^1.0.17:
  version "1.0.18"
  resolved "https://registry.yarnpkg.com/apollo-link-context/-/apollo-link-context-1.0.18.tgz#9e700e3314da8ded50057fee0a18af2bfcedbfc3"
  dependencies:
    apollo-link "^1.2.12"
    tslib "^1.9.3"

apollo-link-http-common@^0.2.14:
  version "0.2.14"
  resolved "https://registry.yarnpkg.com/apollo-link-http-common/-/apollo-link-http-common-0.2.14.tgz#d3a195c12e00f4e311c417f121181dcc31f7d0c8"
  dependencies:
    apollo-link "^1.2.12"
    ts-invariant "^0.4.0"
    tslib "^1.9.3"

apollo-link-http@^1.5.14:
  version "1.5.15"
  resolved "https://registry.yarnpkg.com/apollo-link-http/-/apollo-link-http-1.5.15.tgz#106ab23bb8997bd55965d05855736d33119652cf"
  dependencies:
    apollo-link "^1.2.12"
    apollo-link-http-common "^0.2.14"
    tslib "^1.9.3"

apollo-link@^1.2.12, apollo-link@^1.2.3:
  version "1.2.12"
  resolved "https://registry.yarnpkg.com/apollo-link/-/apollo-link-1.2.12.tgz#014b514fba95f1945c38ad4c216f31bcfee68429"
  dependencies:
    apollo-utilities "^1.3.0"
    ts-invariant "^0.4.0"
    tslib "^1.9.3"
    zen-observable-ts "^0.8.19"

apollo-server-caching@^0.5.1:
  version "0.5.1"
  resolved "https://registry.yarnpkg.com/apollo-server-caching/-/apollo-server-caching-0.5.1.tgz#5cd0536ad5473abb667cc82b59bc56b96fb35db6"
  dependencies:
    lru-cache "^5.0.0"

apollo-server-core@^2.14.2:
  version "2.14.2"
  resolved "https://registry.yarnpkg.com/apollo-server-core/-/apollo-server-core-2.14.2.tgz#4ab055b96b8be7821a726c81e8aa412deb7f3644"
  dependencies:
    "@apollographql/apollo-tools" "^0.4.3"
    "@apollographql/graphql-playground-html" "1.6.24"
    "@types/graphql-upload" "^8.0.0"
    "@types/ws" "^7.0.0"
    apollo-cache-control "^0.11.0"
    apollo-datasource "^0.7.1"
    apollo-engine-reporting "^2.0.0"
    apollo-server-caching "^0.5.1"
    apollo-server-env "^2.4.4"
    apollo-server-errors "^2.4.1"
    apollo-server-plugin-base "^0.9.0"
    apollo-server-types "^0.5.0"
    apollo-tracing "^0.11.0"
    fast-json-stable-stringify "^2.0.0"
    graphql-extensions "^0.12.2"
    graphql-tag "^2.9.2"
    graphql-tools "^4.0.0"
    graphql-upload "^8.0.2"
    loglevel "^1.6.7"
    sha.js "^2.4.11"
    subscriptions-transport-ws "^0.9.11"
    ws "^6.0.0"

apollo-server-env@^2.4.4:
  version "2.4.4"
  resolved "https://registry.yarnpkg.com/apollo-server-env/-/apollo-server-env-2.4.4.tgz#12d2d0896dcb184478cba066c7a683ab18689ca1"
  dependencies:
    node-fetch "^2.1.2"
    util.promisify "^1.0.0"

apollo-server-errors@^2.4.1:
  version "2.4.1"
  resolved "https://registry.yarnpkg.com/apollo-server-errors/-/apollo-server-errors-2.4.1.tgz#16ad49de6c9134bfb2b7dede9842e73bb239dbe2"

apollo-server-lambda@^2.14.2:
  version "2.14.2"
  resolved "https://registry.yarnpkg.com/apollo-server-lambda/-/apollo-server-lambda-2.14.2.tgz#a1f4d372475ac31c7baeab9d503d3045a4f02095"
  dependencies:
    "@apollographql/graphql-playground-html" "1.6.24"
    "@types/aws-lambda" "^8.10.31"
    apollo-server-core "^2.14.2"
    apollo-server-env "^2.4.4"
    apollo-server-types "^0.5.0"
    graphql-tools "^4.0.0"

apollo-server-plugin-base@^0.9.0:
  version "0.9.0"
  resolved "https://registry.yarnpkg.com/apollo-server-plugin-base/-/apollo-server-plugin-base-0.9.0.tgz#777f720a1ee827a66b8c159073ca30645f8bc625"
  dependencies:
    apollo-server-types "^0.5.0"

apollo-server-types@^0.5.0:
  version "0.5.0"
  resolved "https://registry.yarnpkg.com/apollo-server-types/-/apollo-server-types-0.5.0.tgz#51f39c5fa610ece8b07f1fbcf63c47d4ac150340"
  dependencies:
    apollo-engine-reporting-protobuf "^0.5.1"
    apollo-server-caching "^0.5.1"
    apollo-server-env "^2.4.4"

apollo-tracing@^0.11.0:
  version "0.11.0"
  resolved "https://registry.yarnpkg.com/apollo-tracing/-/apollo-tracing-0.11.0.tgz#8821eb60692f77c06660fb6bc147446f600aecfe"
  dependencies:
    apollo-server-env "^2.4.4"
    apollo-server-plugin-base "^0.9.0"

apollo-utilities@^1.0.1, apollo-utilities@^1.3.0:
  version "1.3.2"
  resolved "https://registry.yarnpkg.com/apollo-utilities/-/apollo-utilities-1.3.2.tgz#8cbdcf8b012f664cd6cb5767f6130f5aed9115c9"
  dependencies:
    "@wry/equality" "^0.1.2"
    fast-json-stable-stringify "^2.0.0"
    ts-invariant "^0.4.0"
    tslib "^1.9.3"

async-limiter@~1.0.0:
  version "1.0.0"
  resolved "https://registry.yarnpkg.com/async-limiter/-/async-limiter-1.0.0.tgz#78faed8c3d074ab81f22b4e985d79e8738f720f8"

async-retry@^1.2.1:
  version "1.2.3"
  resolved "https://registry.yarnpkg.com/async-retry/-/async-retry-1.2.3.tgz#a6521f338358d322b1a0012b79030c6f411d1ce0"
  dependencies:
    retry "0.12.0"

asynckit@^0.4.0:
  version "0.4.0"
  resolved "https://registry.yarnpkg.com/asynckit/-/asynckit-0.4.0.tgz#c79ed97f7f34cb8f2ba1bc9790bcc366474b4b79"

backo2@^1.0.2:
  version "1.0.2"
  resolved "https://registry.yarnpkg.com/backo2/-/backo2-1.0.2.tgz#31ab1ac8b129363463e35b3ebb69f4dfcfba7947"

busboy@^0.3.1:
  version "0.3.1"
  resolved "https://registry.yarnpkg.com/busboy/-/busboy-0.3.1.tgz#170899274c5bf38aae27d5c62b71268cd585fd1b"
  dependencies:
    dicer "0.3.0"

combined-stream@^1.0.8:
  version "1.0.8"
  resolved "https://registry.yarnpkg.com/combined-stream/-/combined-stream-1.0.8.tgz#c3d45a8b34fd730631a110a8a2520682b31d5a7f"
  dependencies:
    delayed-stream "~1.0.0"

core-js@^3.0.1:
  version "3.1.4"
  resolved "https://registry.yarnpkg.com/core-js/-/core-js-3.1.4.tgz#3a2837fc48e582e1ae25907afcd6cf03b0cc7a07"

define-properties@^1.1.2:
  version "1.1.3"
  resolved "https://registry.yarnpkg.com/define-properties/-/define-properties-1.1.3.tgz#cf88da6cbee26fe6db7094f61d870cbd84cee9f1"
  dependencies:
    object-keys "^1.0.12"

delayed-stream@~1.0.0:
  version "1.0.0"
  resolved "https://registry.yarnpkg.com/delayed-stream/-/delayed-stream-1.0.0.tgz#df3ae199acadfb7d440aaae0b29e2272b24ec619"

depd@~1.1.2:
  version "1.1.2"
  resolved "https://registry.yarnpkg.com/depd/-/depd-1.1.2.tgz#9bcd52e14c097763e749b274c4346ed2e560b5a9"

deprecated-decorator@^0.1.6:
  version "0.1.6"
  resolved "https://registry.yarnpkg.com/deprecated-decorator/-/deprecated-decorator-0.1.6.tgz#00966317b7a12fe92f3cc831f7583af329b86c37"

dicer@0.3.0:
  version "0.3.0"
  resolved "https://registry.yarnpkg.com/dicer/-/dicer-0.3.0.tgz#eacd98b3bfbf92e8ab5c2fdb71aaac44bb06b872"
  dependencies:
    streamsearch "0.1.2"

es-abstract@^1.5.1:
  version "1.13.0"
  resolved "https://registry.yarnpkg.com/es-abstract/-/es-abstract-1.13.0.tgz#ac86145fdd5099d8dd49558ccba2eaf9b88e24e9"
  dependencies:
    es-to-primitive "^1.2.0"
    function-bind "^1.1.1"
    has "^1.0.3"
    is-callable "^1.1.4"
    is-regex "^1.0.4"
    object-keys "^1.0.12"

es-to-primitive@^1.2.0:
  version "1.2.0"
  resolved "https://registry.yarnpkg.com/es-to-primitive/-/es-to-primitive-1.2.0.tgz#edf72478033456e8dda8ef09e00ad9650707f377"
  dependencies:
    is-callable "^1.1.4"
    is-date-object "^1.0.1"
    is-symbol "^1.0.2"

eventemitter3@^3.1.0:
  version "3.1.2"
  resolved "https://registry.yarnpkg.com/eventemitter3/-/eventemitter3-3.1.2.tgz#2d3d48f9c346698fce83a85d7d664e98535df6e7"

fast-json-stable-stringify@^2.0.0:
  version "2.0.0"
  resolved "https://registry.yarnpkg.com/fast-json-stable-stringify/-/fast-json-stable-stringify-2.0.0.tgz#d5142c0caee6b1189f87d3a76111064f86c8bbf2"

form-data@^3.0.0:
  version "3.0.0"
  resolved "https://registry.yarnpkg.com/form-data/-/form-data-3.0.0.tgz#31b7e39c85f1355b7139ee0c647cf0de7f83c682"
  dependencies:
    asynckit "^0.4.0"
    combined-stream "^1.0.8"
    mime-types "^2.1.12"

fs-capacitor@^2.0.4:
  version "2.0.4"
  resolved "https://registry.yarnpkg.com/fs-capacitor/-/fs-capacitor-2.0.4.tgz#5a22e72d40ae5078b4fe64fe4d08c0d3fc88ad3c"

function-bind@^1.1.1:
  version "1.1.1"
  resolved "https://registry.yarnpkg.com/function-bind/-/function-bind-1.1.1.tgz#a56899d3ea3c9bab874bb9773b7c5ede92f4895d"

graphql-extensions@^0.12.2:
  version "0.12.2"
  resolved "https://registry.yarnpkg.com/graphql-extensions/-/graphql-extensions-0.12.2.tgz#f22210e812939b7caa2127589f30e6a1c671540f"
  dependencies:
    "@apollographql/apollo-tools" "^0.4.3"
    apollo-server-env "^2.4.4"
    apollo-server-types "^0.5.0"

graphql-tag@^2.9.2:
  version "2.10.1"
  resolved "https://registry.yarnpkg.com/graphql-tag/-/graphql-tag-2.10.1.tgz#10aa41f1cd8fae5373eaf11f1f67260a3cad5e02"

graphql-tools@^4.0.0, graphql-tools@^4.0.4:
  version "4.0.5"
  resolved "https://registry.yarnpkg.com/graphql-tools/-/graphql-tools-4.0.5.tgz#d2b41ee0a330bfef833e5cdae7e1f0b0d86b1754"
  dependencies:
    apollo-link "^1.2.3"
    apollo-utilities "^1.0.1"
    deprecated-decorator "^0.1.6"
    iterall "^1.1.3"
    uuid "^3.1.0"

graphql-upload@^8.0.2:
  version "8.0.7"
  resolved "https://registry.yarnpkg.com/graphql-upload/-/graphql-upload-8.0.7.tgz#8644264e241529552ea4b3797e7ee15809cf01a3"
  dependencies:
    busboy "^0.3.1"
    fs-capacitor "^2.0.4"
    http-errors "^1.7.2"
    object-path "^0.11.4"

graphql@^14.1.1:
  version "14.4.2"
  resolved "https://registry.yarnpkg.com/graphql/-/graphql-14.4.2.tgz#553a7d546d524663eda49ed6df77577be3203ae3"
  dependencies:
    iterall "^1.2.2"

graphql@^14.5.3:
  version "14.6.0"
  resolved "https://registry.yarnpkg.com/graphql/-/graphql-14.6.0.tgz#57822297111e874ea12f5cd4419616930cd83e49"
  dependencies:
    iterall "^1.2.2"

has-symbols@^1.0.0:
  version "1.0.0"
  resolved "https://registry.yarnpkg.com/has-symbols/-/has-symbols-1.0.0.tgz#ba1a8f1af2a0fc39650f5c850367704122063b44"

has@^1.0.1, has@^1.0.3:
  version "1.0.3"
  resolved "https://registry.yarnpkg.com/has/-/has-1.0.3.tgz#722d7cbfc1f6aa8241f16dd814e011e1f41e8796"
  dependencies:
    function-bind "^1.1.1"

http-errors@^1.7.2:
  version "1.7.3"
  resolved "https://registry.yarnpkg.com/http-errors/-/http-errors-1.7.3.tgz#6c619e4f9c60308c38519498c14fbb10aacebb06"
  dependencies:
    depd "~1.1.2"
    inherits "2.0.4"
    setprototypeof "1.1.1"
    statuses ">= 1.5.0 < 2"
    toidentifier "1.0.0"

inherits@2.0.4, inherits@^2.0.1:
  version "2.0.4"
  resolved "https://registry.yarnpkg.com/inherits/-/inherits-2.0.4.tgz#0fa2c64f932917c3433a0ded55363aae37416b7c"

is-callable@^1.1.4:
  version "1.1.4"
  resolved "https://registry.yarnpkg.com/is-callable/-/is-callable-1.1.4.tgz#1e1adf219e1eeb684d691f9d6a05ff0d30a24d75"

is-date-object@^1.0.1:
  version "1.0.1"
  resolved "https://registry.yarnpkg.com/is-date-object/-/is-date-object-1.0.1.tgz#9aa20eb6aeebbff77fbd33e74ca01b33581d3a16"

is-regex@^1.0.4:
  version "1.0.4"
  resolved "https://registry.yarnpkg.com/is-regex/-/is-regex-1.0.4.tgz#5517489b547091b0930e095654ced25ee97e9491"
  dependencies:
    has "^1.0.1"

is-symbol@^1.0.2:
  version "1.0.2"
  resolved "https://registry.yarnpkg.com/is-symbol/-/is-symbol-1.0.2.tgz#a055f6ae57192caee329e7a860118b497a950f38"
  dependencies:
    has-symbols "^1.0.0"

iterall@^1.1.3, iterall@^1.2.1, iterall@^1.2.2:
  version "1.2.2"
  resolved "https://registry.yarnpkg.com/iterall/-/iterall-1.2.2.tgz#92d70deb8028e0c39ff3164fdbf4d8b088130cd7"

jwt-decode@^2.2.0:
  version "2.2.0"
  resolved "https://registry.yarnpkg.com/jwt-decode/-/jwt-decode-2.2.0.tgz#7d86bd56679f58ce6a84704a657dd392bba81a79"

lodash.sortby@^4.7.0:
  version "4.7.0"
  resolved "https://registry.yarnpkg.com/lodash.sortby/-/lodash.sortby-4.7.0.tgz#edd14c824e2cc9c1e0b0a1b42bb5210516a42438"

loglevel@^1.6.7:
  version "1.6.8"
  resolved "https://registry.yarnpkg.com/loglevel/-/loglevel-1.6.8.tgz#8a25fb75d092230ecd4457270d80b54e28011171"

long@^4.0.0:
  version "4.0.0"
  resolved "https://registry.yarnpkg.com/long/-/long-4.0.0.tgz#9a7b71cfb7d361a194ea555241c92f7468d5bf28"

lru-cache@^5.0.0:
  version "5.1.1"
  resolved "https://registry.yarnpkg.com/lru-cache/-/lru-cache-5.1.1.tgz#1da27e6710271947695daf6848e847f01d84b920"
  dependencies:
    yallist "^3.0.2"

mime-db@1.44.0:
  version "1.44.0"
  resolved "https://registry.yarnpkg.com/mime-db/-/mime-db-1.44.0.tgz#fa11c5eb0aca1334b4233cb4d52f10c5a6272f92"

mime-types@^2.1.12:
  version "2.1.27"
  resolved "https://registry.yarnpkg.com/mime-types/-/mime-types-2.1.27.tgz#47949f98e279ea53119f5722e0f34e529bec009f"
  dependencies:
    mime-db "1.44.0"

node-fetch@^2.1.2, node-fetch@^2.2.0, node-fetch@^2.3.0:
  version "2.6.0"
  resolved "https://registry.yarnpkg.com/node-fetch/-/node-fetch-2.6.0.tgz#e633456386d4aa55863f676a7ab0daa8fdecb0fd"

object-keys@^1.0.12:
  version "1.1.1"
  resolved "https://registry.yarnpkg.com/object-keys/-/object-keys-1.1.1.tgz#1c47f272df277f3b1daf061677d9c82e2322c60e"

object-path@^0.11.4:
  version "0.11.4"
  resolved "https://registry.yarnpkg.com/object-path/-/object-path-0.11.4.tgz#370ae752fbf37de3ea70a861c23bba8915691949"

object.getownpropertydescriptors@^2.0.3:
  version "2.0.3"
  resolved "https://registry.yarnpkg.com/object.getownpropertydescriptors/-/object.getownpropertydescriptors-2.0.3.tgz#8758c846f5b407adab0f236e0986f14b051caa16"
  dependencies:
    define-properties "^1.1.2"
    es-abstract "^1.5.1"

retry@0.12.0:
  version "0.12.0"
  resolved "https://registry.yarnpkg.com/retry/-/retry-0.12.0.tgz#1b42a6266a21f07421d1b0b54b7dc167b01c013b"

safe-buffer@^5.0.1:
  version "5.2.0"
  resolved "https://registry.yarnpkg.com/safe-buffer/-/safe-buffer-5.2.0.tgz#b74daec49b1148f88c64b68d49b1e815c1f2f519"

setprototypeof@1.1.1:
  version "1.1.1"
  resolved "https://registry.yarnpkg.com/setprototypeof/-/setprototypeof-1.1.1.tgz#7e95acb24aa92f5885e0abef5ba131330d4ae683"

sha.js@^2.4.11:
  version "2.4.11"
  resolved "https://registry.yarnpkg.com/sha.js/-/sha.js-2.4.11.tgz#37a5cf0b81ecbc6943de109ba2960d1b26584ae7"
  dependencies:
    inherits "^2.0.1"
    safe-buffer "^5.0.1"

"statuses@>= 1.5.0 < 2":
  version "1.5.0"
  resolved "https://registry.yarnpkg.com/statuses/-/statuses-1.5.0.tgz#161c7dac177659fd9811f43771fa99381478628c"

streamsearch@0.1.2:
  version "0.1.2"
  resolved "https://registry.yarnpkg.com/streamsearch/-/streamsearch-0.1.2.tgz#808b9d0e56fc273d809ba57338e929919a1a9f1a"

subscriptions-transport-ws@^0.9.11:
  version "0.9.16"
  resolved "https://registry.yarnpkg.com/subscriptions-transport-ws/-/subscriptions-transport-ws-0.9.16.tgz#90a422f0771d9c32069294c08608af2d47f596ec"
  dependencies:
    backo2 "^1.0.2"
    eventemitter3 "^3.1.0"
    iterall "^1.2.1"
    symbol-observable "^1.0.4"
    ws "^5.2.0"

symbol-observable@^1.0.4:
  version "1.2.0"
  resolved "https://registry.yarnpkg.com/symbol-observable/-/symbol-observable-1.2.0.tgz#c22688aed4eab3cdc2dfeacbb561660560a00804"

toidentifier@1.0.0:
  version "1.0.0"
  resolved "https://registry.yarnpkg.com/toidentifier/-/toidentifier-1.0.0.tgz#7e1be3470f1e77948bc43d94a3c8f4d7752ba553"

ts-invariant@^0.4.0:
  version "0.4.4"
  resolved "https://registry.yarnpkg.com/ts-invariant/-/ts-invariant-0.4.4.tgz#97a523518688f93aafad01b0e80eb803eb2abd86"
  dependencies:
    tslib "^1.9.3"

tslib@^1.9.3:
  version "1.10.0"
  resolved "https://registry.yarnpkg.com/tslib/-/tslib-1.10.0.tgz#c3c19f95973fb0a62973fb09d90d961ee43e5c8a"

util.promisify@^1.0.0:
  version "1.0.0"
  resolved "https://registry.yarnpkg.com/util.promisify/-/util.promisify-1.0.0.tgz#440f7165a459c9a16dc145eb8e72f35687097030"
  dependencies:
    define-properties "^1.1.2"
    object.getownpropertydescriptors "^2.0.3"

uuid@^3.1.0:
  version "3.3.2"
  resolved "https://registry.yarnpkg.com/uuid/-/uuid-3.3.2.tgz#1b4af4955eb3077c501c23872fc6513811587131"

uuid@^8.0.0:
  version "8.1.0"
  resolved "https://registry.yarnpkg.com/uuid/-/uuid-8.1.0.tgz#6f1536eb43249f473abc6bd58ff983da1ca30d8d"

ws@^5.2.0:
  version "5.2.2"
  resolved "https://registry.yarnpkg.com/ws/-/ws-5.2.2.tgz#dffef14866b8e8dc9133582514d1befaf96e980f"
  dependencies:
    async-limiter "~1.0.0"

ws@^6.0.0:
  version "6.2.1"
  resolved "https://registry.yarnpkg.com/ws/-/ws-6.2.1.tgz#442fdf0a47ed64f59b6a5d8ff130f4748ed524fb"
  dependencies:
    async-limiter "~1.0.0"

yallist@^3.0.2:
  version "3.0.3"
  resolved "https://registry.yarnpkg.com/yallist/-/yallist-3.0.3.tgz#b4b049e314be545e3ce802236d6cd22cd91c3de9"

zen-observable-ts@^0.8.19:
  version "0.8.19"
  resolved "https://registry.yarnpkg.com/zen-observable-ts/-/zen-observable-ts-0.8.19.tgz#c094cd20e83ddb02a11144a6e2a89706946b5694"
  dependencies:
    tslib "^1.9.3"
    zen-observable "^0.8.0"

zen-observable@^0.8.0:
  version "0.8.14"
  resolved "https://registry.yarnpkg.com/zen-observable/-/zen-observable-0.8.14.tgz#d33058359d335bc0db1f0af66158b32872af3bf7"
